DEPENDENCIES
  backend
    path: .
    metadata: true

GRAPH
  apt (6.1.4)
  ark (3.1.0)
    build-essential (>= 0.0.0)
    seven_zip (>= 0.0.0)
    windows (>= 0.0.0)
  backend (0.1.0)
    apt (>= 0.0.0)
    ark (>= 0.0.0)
    java (>= 0.0.0)
    nfs (>= 0.0.0)
    openldap (>= 0.0.0)
  build-essential (8.0.3)
    mingw (>= 1.1)
    seven_zip (>= 0.0.0)
  dpkg_autostart (0.2.0)
  homebrew (4.2.0)
  java (1.50.0)
    apt (>= 0.0.0)
    homebrew (>= 0.0.0)
    windows (>= 0.0.0)
  line (1.0.3)
  mingw (2.0.1)
    seven_zip (>= 0.0.0)
  nfs (2.4.1)
    line (>= 0.0.0)
    sysctl (>= 0.0.0)
  ohai (5.2.0)
  openldap (3.1.2)
    dpkg_autostart (>= 0.0.0)
  seven_zip (2.0.2)
    windows (>= 1.2.2)
  sysctl (0.10.2)
    ohai (>= 4.0)
  windows (3.3.0)
    ohai (>= 4.0.0)
